// !$*UTF8*$!
{
	archiveVersion = 1;
	classes = {
	};
	objectVersion = 56;
	objects = {

/* Begin PBXBuildFile section */
		6EE5C8802B47F1CF00D3BDAB /* DemoRealityBugApp.swift in Sources */ = {isa = PBXBuildFile; fileRef = 6EE5C87F2B47F1CF00D3BDAB /* DemoRealityBugApp.swift */; };
		6EE5C8822B47F1CF00D3BDAB /* ContentView.swift in Sources */ = {isa = PBXBuildFile; fileRef = 6EE5C8812B47F1CF00D3BDAB /* ContentView.swift */; };
		6EE5C8842B47F1D100D3BDAB /* Assets.xcassets in Resources */ = {isa = PBXBuildFile; fileRef = 6EE5C8832B47F1D100D3BDAB /* Assets.xcassets */; };
		6EE5C8872B47F1D100D3BDAB /* Preview Assets.xcassets in Resources */ = {isa = PBXBuildFile; fileRef = 6EE5C8862B47F1D100D3BDAB /* Preview Assets.xcassets */; };
		6EE5C88F2B47F21B00D3BDAB /* GUMAC_DC12087_1_M.usdz in Resources */ = {isa = PBXBuildFile; fileRef = 6EE5C88E2B47F21B00D3BDAB /* GUMAC_DC12087_1_M.usdz */; };
		6EE5C8922B47F25C00D3BDAB /* TestShader.metal in Sources */ = {isa = PBXBuildFile; fileRef = 6EE5C8912B47F25C00D3BDAB /* TestShader.metal */; };
/* End PBXBuildFile section */

/* Begin PBXFileReference section */
		6EE5C87C2B47F1CF00D3BDAB /* DemoRealityBug.app */ = {isa = PBXFileReference; explicitFileType = wrapper.application; includeInIndex = 0; path = DemoRealityBug.app; sourceTree = BUILT_PRODUCTS_DIR; };
		6EE5C87F2B47F1CF00D3BDAB /* DemoRealityBugApp.swift */ = {isa = PBXFileReference; lastKnownFileType = sourcecode.swift; path = DemoRealityBugApp.swift; sourceTree = "<group>"; };
		6EE5C8812B47F1CF00D3BDAB /* ContentView.swift */ = {isa = PBXFileReference; lastKnownFileType = sourcecode.swift; path = ContentView.swift; sourceTree = "<group>"; };
		6EE5C8832B47F1D100D3BDAB /* Assets.xcassets */ = {isa = PBXFileReference; lastKnownFileType = folder.assetcatalog; path = Assets.xcassets; sourceTree = "<group>"; };
		6EE5C8862B47F1D100D3BDAB /* Preview Assets.xcassets */ = {isa = PBXFileReference; lastKnownFileType = folder.assetcatalog; path = "Preview Assets.xcassets"; sourceTree = "<group>"; };
		6EE5C88E2B47F21B00D3BDAB /* GUMAC_DC12087_1_M.usdz */ = {isa = PBXFileReference; lastKnownFileType = file.usdz; path = GUMAC_DC12087_1_M.usdz; sourceTree = "<group>"; };
		6EE5C8912B47F25C00D3BDAB /* TestShader.metal */ = {isa = PBXFileReference; lastKnownFileType = sourcecode.metal; path = TestShader.metal; sourceTree = "<group>"; };
/* End PBXFileReference section */

/* Begin PBXFrameworksBuildPhase section */
		6EE5C8792B47F1CF00D3BDAB /* Frameworks */ = {
			isa = PBXFrameworksBuildPhase;
			buildActionMask = 2147483647;
			files = (
			);
			runOnlyForDeploymentPostprocessing = 0;
		};
/* End PBXFrameworksBuildPhase section */

/* Begin PBXGroup section */
		6EE5C8732B47F1CF00D3BDAB = {
			isa = PBXGroup;
			children = (
				6EE5C87E2B47F1CF00D3BDAB /* DemoRealityBug */,
				6EE5C87D2B47F1CF00D3BDAB /* Products */,
			);
			sourceTree = "<group>";
		};
		6EE5C87D2B47F1CF00D3BDAB /* Products */ = {
			isa = PBXGroup;
			children = (
				6EE5C87C2B47F1CF00D3BDAB /* DemoRealityBug.app */,
			);
			name = Products;
			sourceTree = "<group>";
		};
		6EE5C87E2B47F1CF00D3BDAB /* DemoRealityBug */ = {
			isa = PBXGroup;
			children = (
				6EE5C8902B47F24900D3BDAB /* shader */,
				6EE5C88D2B47F20A00D3BDAB /* usdz */,
				6EE5C87F2B47F1CF00D3BDAB /* DemoRealityBugApp.swift */,
				6EE5C8812B47F1CF00D3BDAB /* ContentView.swift */,
				6EE5C8832B47F1D100D3BDAB /* Assets.xcassets */,
				6EE5C8852B47F1D100D3BDAB /* Preview Content */,
			);
			path = DemoRealityBug;
			sourceTree = "<group>";
		};
		6EE5C8852B47F1D100D3BDAB /* Preview Content */ = {
			isa = PBXGroup;
			children = (
				6EE5C8862B47F1D100D3BDAB /* Preview Assets.xcassets */,
			);
			path = "Preview Content";
			sourceTree = "<group>";
		};
		6EE5C88D2B47F20A00D3BDAB /* usdz */ = {
			isa = PBXGroup;
			children = (
				6EE5C88E2B47F21B00D3BDAB /* GUMAC_DC12087_1_M.usdz */,
			);
			path = usdz;
			sourceTree = "<group>";
		};
		6EE5C8902B47F24900D3BDAB /* shader */ = {
			isa = PBXGroup;
			children = (
				6EE5C8912B47F25C00D3BDAB /* TestShader.metal */,
			);
			path = shader;
			sourceTree = "<group>";
		};
/* End PBXGroup section */

/* Begin PBXNativeTarget section */
		6EE5C87B2B47F1CF00D3BDAB /* DemoRealityBug */ = {
			isa = PBXNativeTarget;
			buildConfigurationList = 6EE5C88A2B47F1D100D3BDAB /* Build configuration list for PBXNativeTarget "DemoRealityBug" */;
			buildPhases = (
				6EE5C8782B47F1CF00D3BDAB /* Sources */,
				6EE5C8792B47F1CF00D3BDAB /* Frameworks */,
				6EE5C87A2B47F1CF00D3BDAB /* Resources */,
			);
			buildRules = (
			);
			dependencies = (
			);
			name = DemoRealityBug;
			productName = DemoRealityBug;
			productReference = 6EE5C87C2B47F1CF00D3BDAB /* DemoRealityBug.app */;
			productType = "com.apple.product-type.application";
		};
/* End PBXNativeTarget section */

/* Begin PBXProject section */
		6EE5C8742B47F1CF00D3BDAB /* Project object */ = {
			isa = PBXProject;
			attributes = {
				BuildIndependentTargetsInParallel = 1;
				LastSwiftUpdateCheck = 1510;
				LastUpgradeCheck = 1510;
				TargetAttributes = {
					6EE5C87B2B47F1CF00D3BDAB = {
						CreatedOnToolsVersion = 15.1;
					};
				};
			};
			buildConfigurationList = 6EE5C8772B47F1CF00D3BDAB /* Build configuration list for PBXProject "DemoRealityBug" */;
			compatibilityVersion = "Xcode 14.0";
			developmentRegion = en;
			hasScannedForEncodings = 0;
			knownRegions = (
				en,
				Base,
			);
			mainGroup = 6EE5C8732B47F1CF00D3BDAB;
			productRefGroup = 6EE5C87D2B47F1CF00D3BDAB /* Products */;
			projectDirPath = "";
			projectRoot = "";
			targets = (
				6EE5C87B2B47F1CF00D3BDAB /* DemoRealityBug */,
			);
		};
/* End PBXProject section */

/* Begin PBXResourcesBuildPhase section */
		6EE5C87A2B47F1CF00D3BDAB /* Resources */ = {
			isa = PBXResourcesBuildPhase;
			buildActionMask = 2147483647;
			files = (
				6EE5C8872B47F1D100D3BDAB /* Preview Assets.xcassets in Resources */,
				6EE5C88F2B47F21B00D3BDAB /* GUMAC_DC12087_1_M.usdz in Resources */,
				6EE5C8842B47F1D100D3BDAB /* Assets.xcassets in Resources */,
			);
			runOnlyForDeploymentPostprocessing = 0;
		};
/* End PBXResourcesBuildPhase section */

/* Begin PBXSourcesBuildPhase section */
		6EE5C8782B47F1CF00D3BDAB /* Sources */ = {
			isa = PBXSourcesBuildPhase;
			buildActionMask = 2147483647;
			files = (
				6EE5C8922B47F25C00D3BDAB /* TestShader.metal in Sources */,
				6EE5C8822B47F1CF00D3BDAB /* ContentView.swift in Sources */,
				6EE5C8802B47F1CF00D3BDAB /* DemoRealityBugApp.swift in Sources */,
			);
			runOnlyForDeploymentPostprocessing = 0;
		};
/* End PBXSourcesBuildPhase section */

/* Begin XCBuildConfiguration section */
		6EE5C8882B47F1D100D3BDAB /* Debug */ = {
			isa = XCBuildConfiguration;
			buildSettings = {
				ALWAYS_SEARCH_USER_PATHS = NO;
				ASSETCATALOG_COMPILER_GENERATE_SWIFT_ASSET_SYMBOL_EXTENSIONS = YES;
				CLANG_ANALYZER_NONNULL = YES;
				CLANG_ANALYZER_NUMBER_OBJECT_CONVERSION = YES_AGGRESSIVE;
				CLANG_CXX_LANGUAGE_STANDARD = "gnu++20";
				CLANG_ENABLE_MODULES = YES;
				CLANG_ENABLE_OBJC_ARC = YES;
				CLANG_ENABLE_OBJC_WEAK = YES;
				CLANG_WARN_BLOCK_CAPTURE_AUTORELEASING = YES;
				CLANG_WARN_BOOL_CONVERSION = YES;
				CLANG_WARN_COMMA = YES;
				CLANG_WARN_CONSTANT_CONVERSION = YES;
				CLANG_WARN_DEPRECATED_OBJC_IMPLEMENTATIONS = YES;
				CLANG_WARN_DIRECT_OBJC_ISA_USAGE = YES_ERROR;
				CLANG_WARN_DOCUMENTATION_COMMENTS = YES;
				CLANG_WARN_EMPTY_BODY = YES;
				CLANG_WARN_ENUM_CONVERSION = YES;
				CLANG_WARN_INFINITE_RECURSION = YES;
				CLANG_WARN_INT_CONVERSION = YES;
				CLANG_WARN_NON_LITERAL_NULL_CONVERSION = YES;
				CLANG_WARN_OBJC_IMPLICIT_RETAIN_SELF = YES;
				CLANG_WARN_OBJC_LITERAL_CONVERSION = YES;
				CLANG_WARN_OBJC_ROOT_CLASS = YES_ERROR;
				CLANG_WARN_QUOTED_INCLUDE_IN_FRAMEWORK_HEADER = YES;
				CLANG_WARN_RANGE_LOOP_ANALYSIS = YES;
				CLANG_WARN_STRICT_PROTOTYPES = YES;
				CLANG_WARN_SUSPICIOUS_MOVE = YES;
				CLANG_WARN_UNGUARDED_AVAILABILITY = YES_AGGRESSIVE;
				CLANG_WARN_UNREACHABLE_CODE = YES;
				CLANG_WARN__DUPLICATE_METHOD_MATCH = YES;
				COPY_PHASE_STRIP = NO;
				DEBUG_INFORMATION_FORMAT = dwarf;
				ENABLE_STRICT_OBJC_MSGSEND = YES;
				ENABLE_TESTABILITY = YES;
				ENABLE_USER_SCRIPT_SANDBOXING = YES;
				GCC_C_LANGUAGE_STANDARD = gnu17;
				GCC_DYNAMIC_NO_PIC = NO;
				GCC_NO_COMMON_BLOCKS = YES;
				GCC_OPTIMIZATION_LEVEL = 0;
				GCC_PREPROCESSOR_DEFINITIONS = (
					"DEBUG=1",
					"$(inherited)",
				);
				GCC_WARN_64_TO_32_BIT_CONVERSION = YES;
				GCC_WARN_ABOUT_RETURN_TYPE = YES_ERROR;
				GCC_WARN_UNDECLARED_SELECTOR = YES;
				GCC_WARN_UNINITIALIZED_AUTOS = YES_AGGRESSIVE;
				GCC_WARN_UNUSED_FUNCTION = YES;
				GCC_WARN_UNUSED_VARIABLE = YES;
				IPHONEOS_DEPLOYMENT_TARGET = 17.2;
				LOCALIZATION_PREFERS_STRING_CATALOGS = YES;
				MTL_ENABLE_DEBUG_INFO = INCLUDE_SOURCE;
				MTL_FAST_MATH = YES;
				ONLY_ACTIVE_ARCH = YES;
				SDKROOT = iphoneos;
				SWIFT_ACTIVE_COMPILATION_CONDITIONS = "DEBUG $(inherited)";
				SWIFT_OPTIMIZATION_LEVEL = "-Onone";
			};
			name = Debug;
		};
		6EE5C8892B47F1D100D3BDAB /* Release */ = {
			isa = XCBuildConfiguration;
			buildSettings = {
				ALWAYS_SEARCH_USER_PATHS = NO;
				ASSETCATALOG_COMPILER_GENERATE_SWIFT_ASSET_SYMBOL_EXTENSIONS = YES;
				CLANG_ANALYZER_NONNULL = YES;
				CLANG_ANALYZER_NUMBER_OBJECT_CONVERSION = YES_AGGRESSIVE;
				CLANG_CXX_LANGUAGE_STANDARD = "gnu++20";
				CLANG_ENABLE_MODULES = YES;
				CLANG_ENABLE_OBJC_ARC = YES;
				CLANG_ENABLE_OBJC_WEAK = YES;
				CLANG_WARN_BLOCK_CAPTURE_AUTORELEASING = YES;
				CLANG_WARN_BOOL_CONVERSION = YES;
				CLANG_WARN_COMMA = YES;
				CLANG_WARN_CONSTANT_CONVERSION = YES;
				CLANG_WARN_DEPRECATED_OBJC_IMPLEMENTATIONS = YES;
				CLANG_WARN_DIRECT_OBJC_ISA_USAGE = YES_ERROR;
				CLANG_WARN_DOCUMENTATION_COMMENTS = YES;
				CLANG_WARN_EMPTY_BODY = YES;
				CLANG_WARN_ENUM_CONVERSION = YES;
				CLANG_WARN_INFINITE_RECURSION = YES;
				CLANG_WARN_INT_CONVERSION = YES;
				CLANG_WARN_NON_LITERAL_NULL_CONVERSION = YES;
				CLANG_WARN_OBJC_IMPLICIT_RETAIN_SELF = YES;
				CLANG_WARN_OBJC_LITERAL_CONVERSION = YES;
				CLANG_WARN_OBJC_ROOT_CLASS = YES_ERROR;
				CLANG_WARN_QUOTED_INCLUDE_IN_FRAMEWORK_HEADER = YES;
				CLANG_WARN_RANGE_LOOP_ANALYSIS = YES;
				CLANG_WARN_STRICT_PROTOTYPES = YES;
				CLANG_WARN_SUSPICIOUS_MOVE = YES;
				CLANG_WARN_UNGUARDED_AVAILABILITY = YES_AGGRESSIVE;
				CLANG_WARN_UNREACHABLE_CODE = YES;
				CLANG_WARN__DUPLICATE_METHOD_MATCH = YES;
				COPY_PHASE_STRIP = NO;
				DEBUG_INFORMATION_FORMAT = "dwarf-with-dsym";
				ENABLE_NS_ASSERTIONS = NO;
				ENABLE_STRICT_OBJC_MSGSEND = YES;
				ENABLE_USER_SCRIPT_SANDBOXING = YES;
				GCC_C_LANGUAGE_STANDARD = gnu17;
				GCC_NO_COMMON_BLOCKS = YES;
				GCC_WARN_64_TO_32_BIT_CONVERSION = YES;
				GCC_WARN_ABOUT_RETURN_TYPE = YES_ERROR;
				GCC_WARN_UNDECLARED_SELECTOR = YES;
				GCC_WARN_UNINITIALIZED_AUTOS = YES_AGGRESSIVE;
				GCC_WARN_UNUSED_FUNCTION = YES;
				GCC_WARN_UNUSED_VARIABLE = YES;
				IPHONEOS_DEPLOYMENT_TARGET = 17.2;
				LOCALIZATION_PREFERS_STRING_CATALOGS = YES;
				MTL_ENABLE_DEBUG_INFO = NO;
				MTL_FAST_MATH = YES;
				SDKROOT = iphoneos;
				SWIFT_COMPILATION_MODE = wholemodule;
				VALIDATE_PRODUCT = YES;
			};
			name = Release;
		};
		6EE5C88B2B47F1D100D3BDAB /* Debug */ = {
			isa = XCBuildConfiguration;
			buildSettings = {
				ASSETCATALOG_COMPILER_APPICON_NAME = AppIcon;
				ASSETCATALOG_COMPILER_GLOBAL_ACCENT_COLOR_NAME = AccentColor;
				CODE_SIGN_STYLE = Automatic;
				CURRENT_PROJECT_VERSION = 1;
				DEVELOPMENT_ASSET_PATHS = "\"DemoRealityBug/Preview Content\"";
				DEVELOPMENT_TEAM = VRHK4AS5G6;
				ENABLE_PREVIEWS = YES;
				GENERATE_INFOPLIST_FILE = YES;
				INFOPLIST_KEY_UIApplicationSceneManifest_Generation = YES;
				INFOPLIST_KEY_UIApplicationSupportsIndirectInputEvents = YES;
				INFOPLIST_KEY_UILaunchScreen_Generation = YES;
				INFOPLIST_KEY_UISupportedInterfaceOrientations_iPad = "UIInterfaceOrientationPortrait UIInterfaceOrientationPortraitUpsideDown UIInterfaceOrientationLandscapeLeft UIInterfaceOrientationLandscapeRight";
				INFOPLIST_KEY_UISupportedInterfaceOrientations_iPhone = "UIInterfaceOrientationPortrait UIInterfaceOrientationLandscapeLeft UIInterfaceOrientationLandscapeRight";
				LD_RUNPATH_SEARCH_PATHS = (
					"$(inherited)",
					"@executable_path/Frameworks",
				);
				MARKETING_VERSION = 1.0;
				PRODUCT_BUNDLE_IDENTIFIER = com.persional.DemoRealityBug;
				PRODUCT_NAME = "$(TARGET_NAME)";
				SWIFT_EMIT_LOC_STRINGS = YES;
				SWIFT_VERSION = 5.0;
				TARGETED_DEVICE_FAMILY = "1,2";
			};
			name = Debug;
		};
		6EE5C88C2B47F1D100D3BDAB /* Release */ = {
			isa = XCBuildConfiguration;
			buildSettings = {
				ASSETCATALOG_COMPILER_APPICON_NAME = AppIcon;
				ASSETCATALOG_COMPILER_GLOBAL_ACCENT_COLOR_NAME = AccentColor;
				CODE_SIGN_STYLE = Automatic;
				CURRENT_PROJECT_VERSION = 1;
				DEVELOPMENT_ASSET_PATHS = "\"DemoRealityBug/Preview Content\"";
				DEVELOPMENT_TEAM = VRHK4AS5G6;
				ENABLE_PREVIEWS = YES;
				GENERATE_INFOPLIST_FILE = YES;
				INFOPLIST_KEY_UIApplicationSceneManifest_Generation = YES;
				INFOPLIST_KEY_UIApplicationSupportsIndirectInputEvents = YES;
				INFOPLIST_KEY_UILaunchScreen_Generation = YES;
				INFOPLIST_KEY_UISupportedInterfaceOrientations_iPad = "UIInterfaceOrientationPortrait UIInterfaceOrientationPortraitUpsideDown UIInterfaceOrientationLandscapeLeft UIInterfaceOrientationLandscapeRight";
				INFOPLIST_KEY_UISupportedInterfaceOrientations_iPhone = "UIInterfaceOrientationPortrait UIInterfaceOrientationLandscapeLeft UIInterfaceOrientationLandscapeRight";
				LD_RUNPATH_SEARCH_PATHS = (
					"$(inherited)",
					"@executable_path/Frameworks",
				);
				MARKETING_VERSION = 1.0;
				PRODUCT_BUNDLE_IDENTIFIER = com.persional.DemoRealityBug;
				PRODUCT_NAME = "$(TARGET_NAME)";
				SWIFT_EMIT_LOC_STRINGS = YES;
				SWIFT_VERSION = 5.0;
				TARGETED_DEVICE_FAMILY = "1,2";
			};
			name = Release;
		};
/* End XCBuildConfiguration section */

/* Begin XCConfigurationList section */
		6EE5C8772B47F1CF00D3BDAB /* Build configuration list for PBXProject "DemoRealityBug" */ = {
			isa = XCConfigurationList;
			buildConfigurations = (
				6EE5C8882B47F1D100D3BDAB /* Debug */,
				6EE5C8892B47F1D100D3BDAB /* Release */,
			);
			defaultConfigurationIsVisible = 0;
			defaultConfigurationName = Release;
		};
		6EE5C88A2B47F1D100D3BDAB /* Build configuration list for PBXNativeTarget "DemoRealityBug" */ = {
			isa = XCConfigurationList;
			buildConfigurations = (
				6EE5C88B2B47F1D100D3BDAB /* Debug */,
				6EE5C88C2B47F1D100D3BDAB /* Release */,
			);
			defaultConfigurationIsVisible = 0;
			defaultConfigurationName = Release;
		};
/* End XCConfigurationList section */
	};
	rootObject = 6EE5C8742B47F1CF00D3BDAB /* Project object */;
}
